<Solution>
  <Folder Name="/Core/">
    <Project Path="Core/MyScheduling.Common/MyScheduling.Common.csproj" />
    <Project Path="Core/MyScheduling.DependencyInjection/MyScheduling.DependencyInjection.csproj" />
  </Folder>
  <Folder Name="/Modules/">
    <Project Path="Modules/MyScheduling.Application/MyScheduling.Application.csproj" />
    <Project Path="Modules/MyScheduling.Data/MyScheduling.Data.csproj" />
    <Project Path="Modules/MyScheduling.Domain/MyScheduling.Domain.csproj" />
    <Project Path="Modules/MyScheduling.Presentations/MyScheduling.Presentations.csproj" />
    <Project Path="Modules/MyScheduling.Service/MyScheduling.Service.csproj" />
  </Folder>
  <Folder Name="/UI/">
    <Project Path="UI/MyScheduling.API/MyScheduling.API.csproj" />
  </Folder>
</Solution>
